
Microsoft Visual Studio Solution File, Format Version 12.00
# Visual Studio 15
VisualStudioVersion = 15.0.28010.2026
MinimumVisualStudioVersion = 10.0.40219.1
Project("{FAE04EC0-301F-11D3-BF4B-00C04F79EFBC}") = "NetCore.JWT", "NetCore.JWT\NetCore.JWT.csproj", "{BA5A1D41-4AE1-4790-A320-3047C95E6095}"
EndProject
Global
	GlobalSection(SolutionConfigurationPlatforms) = preSolution
		Debug|Any CPU = Debug|Any CPU
		Release|Any CPU = Release|Any CPU
	EndGlobalSection
	GlobalSection(ProjectConfigurationPlatforms) = postSolution
		{BA5A1D41-4AE1-4790-A320-3047C95E6095}.Debug|Any CPU.ActiveCfg = Debug|Any CPU
		{BA5A1D41-4AE1-4790-A320-3047C95E6095}.Debug|Any CPU.Build.0 = Debug|Any CPU
		{BA5A1D41-4AE1-4790-A320-3047C95E6095}.Release|Any CPU.ActiveCfg = Release|Any CPU
		{BA5A1D41-4AE1-4790-A320-3047C95E6095}.Release|Any CPU.Build.0 = Release|Any CPU
	EndGlobalSection
	GlobalSection(SolutionProperties) = preSolution
		HideSolutionNode = FALSE
	EndGlobalSection
	GlobalSection(ExtensibilityGlobals) = postSolution
		SolutionGuid = {44A9AAD0-0571-41E3-8EF0-8DD63216F00A}
	EndGlobalSection
EndGlobal
